
Microsoft Visual Studio Solution File, Format Version 12.00
# Visual Studio Version 17
VisualStudioVersion = 17.7.34031.279
MinimumVisualStudioVersion = 10.0.40219.1
Project("{FAE04EC0-301F-11D3-BF4B-00C04F79EFBC}") = "excelSheet", "excelSheet.csproj", "{7ECA23C1-5FCE-4FBB-BE9C-FA56F47BBA4A}"
EndProject
Global
	GlobalSection(SolutionConfigurationPlatforms) = preSolution
		Debug|Any CPU = Debug|Any CPU
		Release|Any CPU = Release|Any CPU
	EndGlobalSection
	GlobalSection(ProjectConfigurationPlatforms) = postSolution
		{7ECA23C1-5FCE-4FBB-BE9C-FA56F47BBA4A}.Debug|Any CPU.ActiveCfg = Debug|Any CPU
		{7ECA23C1-5FCE-4FBB-BE9C-FA56F47BBA4A}.Debug|Any CPU.Build.0 = Debug|Any CPU
		{7ECA23C1-5FCE-4FBB-BE9C-FA56F47BBA4A}.Release|Any CPU.ActiveCfg = Release|Any CPU
		{7ECA23C1-5FCE-4FBB-BE9C-FA56F47BBA4A}.Release|Any CPU.Build.0 = Release|Any CPU
	EndGlobalSection
	GlobalSection(SolutionProperties) = preSolution
		HideSolutionNode = FALSE
	EndGlobalSection
	GlobalSection(ExtensibilityGlobals) = postSolution
		SolutionGuid = {6CB31395-1287-4641-82D3-A5DCC16EC555}
	EndGlobalSection
EndGlobal
